
Microsoft Visual Studio Solution File, Format Version 12.00
# Visual Studio 14
VisualStudioVersion = 14.0.25420.1
MinimumVisualStudioVersion = 10.0.40219.1
Project("{FAE04EC0-301F-11D3-BF4B-00C04F79EFBC}") = "practiceOOP", "practiceOOP\practiceOOP.csproj", "{A6750803-7A8A-44D5-A778-8E0CAC217DBB}"
EndProject
Global
	GlobalSection(SolutionConfigurationPlatforms) = preSolution
		Debug|Any CPU = Debug|Any CPU
		Release|Any CPU = Release|Any CPU
	EndGlobalSection
	GlobalSection(ProjectConfigurationPlatforms) = postSolution
		{A6750803-7A8A-44D5-A778-8E0CAC217DBB}.Debug|Any CPU.ActiveCfg = Debug|Any CPU
		{A6750803-7A8A-44D5-A778-8E0CAC217DBB}.Debug|Any CPU.Build.0 = Debug|Any CPU
		{A6750803-7A8A-44D5-A778-8E0CAC217DBB}.Release|Any CPU.ActiveCfg = Release|Any CPU
		{A6750803-7A8A-44D5-A778-8E0CAC217DBB}.Release|Any CPU.Build.0 = Release|Any CPU
	EndGlobalSection
	GlobalSection(SolutionProperties) = preSolution
		HideSolutionNode = FALSE
	EndGlobalSection
EndGlobal
